
Microsoft Visual Studio Solution File, Format Version 12.00
Project("{2150E333-8FDC-42A3-9474-1A3956D46DE8}") = "src", "src", "{94D0A422-54BA-48E4-9AAA-4C59BFF72F06}"
EndProject
Project("{2150E333-8FDC-42A3-9474-1A3956D46DE8}") = "test", "test", "{96D7B45D-F041-44DD-BFCC-E17048911357}"
EndProject
Project("{FAE04EC0-301F-11D3-BF4B-00C04F79EFBC}") = "Aevatar.Core", "src\Aevatar.Core\Aevatar.Core.csproj", "{70485291-29F6-4FBA-BFE3-3F400184B3C8}"
EndProject
Project("{FAE04EC0-301F-11D3-BF4B-00C04F79EFBC}") = "Aevatar.Core.Abstractions", "src\Aevatar.Core.Abstractions\Aevatar.Core.Abstractions.csproj", "{163DB313-21C2-4292-8795-A5E9ED200CC2}"
EndProject
Project("{FAE04EC0-301F-11D3-BF4B-00C04F79EFBC}") = "OrleansTestKit", "test\OrleansTestKit\OrleansTestKit.csproj", "{9C29455C-276F-4006-8A67-F1ECB78F9DD3}"
EndProject
Project("{FAE04EC0-301F-11D3-BF4B-00C04F79EFBC}") = "OrleansTestKit.Tests", "test\OrleansTestKit.Tests\OrleansTestKit.Tests.csproj", "{42158451-CF7A-4084-9927-3F11FE08D0D3}"
EndProject
Project("{FAE04EC0-301F-11D3-BF4B-00C04F79EFBC}") = "Aevatar.EventSourcing.Core", "src\Aevatar.EventSourcing.Core\Aevatar.EventSourcing.Core.csproj", "{4787AF76-981A-4D29-A4F0-466981E7E780}"
EndProject
Project("{FAE04EC0-301F-11D3-BF4B-00C04F79EFBC}") = "Aevatar.Core.Tests", "test\Aevatar.Core.Tests\Aevatar.Core.Tests.csproj", "{6545F4B2-EB81-4CF6-8FEC-C5FF8E116C7C}"
EndProject
Project("{FAE04EC0-301F-11D3-BF4B-00C04F79EFBC}") = "Aevatar.AI.Abstractions", "src\Aevatar.AI.Abstractions\Aevatar.AI.Abstractions.csproj", "{3B516449-884F-43E3-A88B-C3FFEE438217}"
EndProject
Project("{FAE04EC0-301F-11D3-BF4B-00C04F79EFBC}") = "Aevatar.AI.SemanticKernel", "src\Aevatar.AI.SemanticKernel\Aevatar.AI.SemanticKernel.csproj", "{C75500BE-F61B-47E9-AD97-92E2659B7DCD}"
EndProject
Project("{FAE04EC0-301F-11D3-BF4B-00C04F79EFBC}") = "Aevatar.AI.AIGAgent", "src\Aevatar.AI.AIGAgent\Aevatar.AI.AIGAgent.csproj", "{43738CF0-8AD4-44F9-B101-E6F9B472EC41}"
EndProject
Project("{2150E333-8FDC-42A3-9474-1A3956D46DE8}") = "samples", "samples", "{78519A39-0189-4978-9529-F9C6F361D8F2}"
EndProject
Project("{2150E333-8FDC-42A3-9474-1A3956D46DE8}") = "SimpleAIGAgent", "SimpleAIGAgent", "{3EBB361D-8DA4-472D-BCE6-C8520E1990C8}"
EndProject
Project("{FAE04EC0-301F-11D3-BF4B-00C04F79EFBC}") = "SimpleAIGAgent.Silo", "samples\SimpleAIGAgent\SimpleAIGAgent.Silo\SimpleAIGAgent.Silo.csproj", "{4FE70B6B-974C-4167-8CD2-D91707454E8F}"
EndProject
Project("{FAE04EC0-301F-11D3-BF4B-00C04F79EFBC}") = "SimpleAIGAgent.Client", "samples\SimpleAIGAgent\SimpleAIGAgent.Client\SimpleAIGAgent.Client.csproj", "{C1D3E8E5-5C9D-40A0-9C39-21AB06F60B9A}"
EndProject
Project("{FAE04EC0-301F-11D3-BF4B-00C04F79EFBC}") = "SimpleAIGAgent.Grains", "samples\SimpleAIGAgent\SimpleAIGAgent.Grains\SimpleAIGAgent.Grains.csproj", "{5A082012-06BC-4D33-BB30-3801A83C484F}"
EndProject
Project("{2150E333-8FDC-42A3-9474-1A3956D46DE8}") = "MessagingGAgent", "MessagingGAgent", "{BCBA315D-A500-436E-85C0-BAE7D8058FD4}"
EndProject
Project("{FAE04EC0-301F-11D3-BF4B-00C04F79EFBC}") = "MessagingGAgent.Client", "samples\MessagingGAgent.Client\MessagingGAgent.Client.csproj", "{05951375-1D85-42AD-857B-4474A51816A1}"
EndProject
Project("{FAE04EC0-301F-11D3-BF4B-00C04F79EFBC}") = "MessagingGAgent.Silo", "samples\MessagingGAgent.Silo\MessagingGAgent.Silo.csproj", "{2753C61C-57D5-4612-BC4C-59D64D10337A}"
EndProject
Project("{FAE04EC0-301F-11D3-BF4B-00C04F79EFBC}") = "MessagingGAgent.Grains", "samples\MessagingGAgent.Grains\MessagingGAgent.Grains.csproj", "{050C69A8-C69D-4202-810D-70BB51F19C1F}"
EndProject
Project("{FAE04EC0-301F-11D3-BF4B-00C04F79EFBC}") = "Aevatar.TestBase", "test\Aevatar.TestBase\Aevatar.TestBase.csproj", "{55EF840B-F16D-4D15-9770-B3006ADB6EFB}"
EndProject
Project("{FAE04EC0-301F-11D3-BF4B-00C04F79EFBC}") = "Aevatar.GAgents.Tests", "test\Aevatar.GAgents.Tests\Aevatar.GAgents.Tests.csproj", "{B06AEDD8-DCE4-4F23-B730-C353E627A8E4}"
EndProject
Project("{FAE04EC0-301F-11D3-BF4B-00C04F79EFBC}") = "Aevatar.GAgents.Plugins", "test\Aevatar.GAgents.Plugins\Aevatar.GAgents.Plugins.csproj", "{FDA00E3B-C9C8-4B66-B516-C17E7F7BA9CD}"
EndProject
Project("{FAE04EC0-301F-11D3-BF4B-00C04F79EFBC}") = "Aevatar.Plugins", "src\Aevatar.Plugins\Aevatar.Plugins.csproj", "{6FD57F65-0633-4C02-8FAB-AE93DFD094B8}"
EndProject
Project("{2150E333-8FDC-42A3-9474-1A3956D46DE8}") = "PluginGAgent", "samples\PluginGAgent", "{13E448B2-8748-440D-9AB4-254FAC81F7D2}"
EndProject
Project("{FAE04EC0-301F-11D3-BF4B-00C04F79EFBC}") = "PluginGAgent.Client", "samples\PluginGAgent\PluginGAgent.Client\PluginGAgent.Client.csproj", "{1DA5484A-F0A1-4609-8FBE-F7F5AB446005}"
EndProject
Project("{FAE04EC0-301F-11D3-BF4B-00C04F79EFBC}") = "PluginGAgent.Silo", "samples\PluginGAgent\PluginGAgent.Silo\PluginGAgent.Silo.csproj", "{D415A576-80E2-42F0-8239-C79039BFF266}"
EndProject
Project("{FAE04EC0-301F-11D3-BF4B-00C04F79EFBC}") = "PluginGAgent.Grains", "samples\PluginGAgent\PluginGAgent.Grains\PluginGAgent.Grains.csproj", "{0B5F3C06-B90B-4712-98DC-7D74D081BD88}"
EndProject
Project("{FAE04EC0-301F-11D3-BF4B-00C04F79EFBC}") = "Aevatar.EventSourcing.MongoDB", "src\Aevatar.EventSourcing.MongoDB\Aevatar.EventSourcing.MongoDB.csproj", "{252E6293-78BA-41A1-8294-AF7D8D151A48}"
EndProject
Project("{FAE04EC0-301F-11D3-BF4B-00C04F79EFBC}") = "Aevatar.AI.AIGAgent.Tests", "test\Aevatar.AI.AIGAgent.Tests\Aevatar.AI.AIGAgent.Tests.csproj", "{9F9ABD22-CF41-4B33-AB01-CA8E62933D1D}"
EndProject
Project("{FAE04EC0-301F-11D3-BF4B-00C04F79EFBC}") = "ArtifactGAgent.Client", "samples\ArtifactGAgent\ArtifactGAgent.Client\ArtifactGAgent.Client.csproj", "{DB9090BF-D81F-4357-81E7-FF31BA645F57}"
EndProject
Project("{2150E333-8FDC-42A3-9474-1A3956D46DE8}") = "ArtifactGAgent", "ArtifactGAgent", "{C3BBF8BA-496C-45DF-9437-E549F7EA7573}"
EndProject
Project("{FAE04EC0-301F-11D3-BF4B-00C04F79EFBC}") = "ArtifactGAgent.Silo", "samples\ArtifactGAgent\ArtifactGAgent.Silo\ArtifactGAgent.Silo.csproj", "{8E507914-C9AE-4A64-AAC4-CDEC8B29287B}"
EndProject
Project("{FAE04EC0-301F-11D3-BF4B-00C04F79EFBC}") = "Aevatar.ArtifactGAgents", "test\Aevatar.ArtifactGAgents\Aevatar.ArtifactGAgents.csproj", "{BDECF535-011C-42E6-97DC-468E71F6880A}"
EndProject
Project("{FAE04EC0-301F-11D3-BF4B-00C04F79EFBC}") = "Aevatar", "src\Aevatar\Aevatar.csproj", "{16CBB0B8-F21E-425E-991C-8E2E6871A87C}"
EndProject
Project("{2150E333-8FDC-42A3-9474-1A3956D46DE8}") = "PermissionManagementSample", "PermissionManagementSample", "{4100F37D-CAFD-434C-99DB-4C2835292E23}"
EndProject
Project("{FAE04EC0-301F-11D3-BF4B-00C04F79EFBC}") = "PermissionManagementSample.Silo", "samples\PermissionManagementSample\PermissionManagementSample.Silo\PermissionManagementSample.Silo.csproj", "{F24CF4D5-D18F-42CB-9F47-BAE3BCF4C1E7}"
EndProject
Project("{FAE04EC0-301F-11D3-BF4B-00C04F79EFBC}") = "Aevatar.PermissionManagement", "src\Aevatar.PermissionManagement\Aevatar.PermissionManagement.csproj", "{CFECE7AD-4344-475D-8322-DFBEC2972B6E}"
EndProject
Global
	GlobalSection(SolutionConfigurationPlatforms) = preSolution
		Debug|Any CPU = Debug|Any CPU
		Release|Any CPU = Release|Any CPU
	EndGlobalSection
	GlobalSection(NestedProjects) = preSolution
		{70485291-29F6-4FBA-BFE3-3F400184B3C8} = {94D0A422-54BA-48E4-9AAA-4C59BFF72F06}
		{163DB313-21C2-4292-8795-A5E9ED200CC2} = {94D0A422-54BA-48E4-9AAA-4C59BFF72F06}
		{9C29455C-276F-4006-8A67-F1ECB78F9DD3} = {96D7B45D-F041-44DD-BFCC-E17048911357}
		{42158451-CF7A-4084-9927-3F11FE08D0D3} = {96D7B45D-F041-44DD-BFCC-E17048911357}
		{4787AF76-981A-4D29-A4F0-466981E7E780} = {94D0A422-54BA-48E4-9AAA-4C59BFF72F06}
		{6545F4B2-EB81-4CF6-8FEC-C5FF8E116C7C} = {96D7B45D-F041-44DD-BFCC-E17048911357}
		{3B516449-884F-43E3-A88B-C3FFEE438217} = {94D0A422-54BA-48E4-9AAA-4C59BFF72F06}
		{C75500BE-F61B-47E9-AD97-92E2659B7DCD} = {94D0A422-54BA-48E4-9AAA-4C59BFF72F06}
		{43738CF0-8AD4-44F9-B101-E6F9B472EC41} = {94D0A422-54BA-48E4-9AAA-4C59BFF72F06}
		{3EBB361D-8DA4-472D-BCE6-C8520E1990C8} = {78519A39-0189-4978-9529-F9C6F361D8F2}
		{4FE70B6B-974C-4167-8CD2-D91707454E8F} = {3EBB361D-8DA4-472D-BCE6-C8520E1990C8}
		{C1D3E8E5-5C9D-40A0-9C39-21AB06F60B9A} = {3EBB361D-8DA4-472D-BCE6-C8520E1990C8}
		{5A082012-06BC-4D33-BB30-3801A83C484F} = {3EBB361D-8DA4-472D-BCE6-C8520E1990C8}
		{BCBA315D-A500-436E-85C0-BAE7D8058FD4} = {78519A39-0189-4978-9529-F9C6F361D8F2}
		{05951375-1D85-42AD-857B-4474A51816A1} = {BCBA315D-A500-436E-85C0-BAE7D8058FD4}
		{2753C61C-57D5-4612-BC4C-59D64D10337A} = {BCBA315D-A500-436E-85C0-BAE7D8058FD4}
		{050C69A8-C69D-4202-810D-70BB51F19C1F} = {BCBA315D-A500-436E-85C0-BAE7D8058FD4}
		{55EF840B-F16D-4D15-9770-B3006ADB6EFB} = {96D7B45D-F041-44DD-BFCC-E17048911357}
		{B06AEDD8-DCE4-4F23-B730-C353E627A8E4} = {96D7B45D-F041-44DD-BFCC-E17048911357}
		{FDA00E3B-C9C8-4B66-B516-C17E7F7BA9CD} = {96D7B45D-F041-44DD-BFCC-E17048911357}
		{6FD57F65-0633-4C02-8FAB-AE93DFD094B8} = {94D0A422-54BA-48E4-9AAA-4C59BFF72F06}
		{1DA5484A-F0A1-4609-8FBE-F7F5AB446005} = {13E448B2-8748-440D-9AB4-254FAC81F7D2}
		{D415A576-80E2-42F0-8239-C79039BFF266} = {13E448B2-8748-440D-9AB4-254FAC81F7D2}
		{0B5F3C06-B90B-4712-98DC-7D74D081BD88} = {13E448B2-8748-440D-9AB4-254FAC81F7D2}
		{252E6293-78BA-41A1-8294-AF7D8D151A48} = {94D0A422-54BA-48E4-9AAA-4C59BFF72F06}
		{9F9ABD22-CF41-4B33-AB01-CA8E62933D1D} = {96D7B45D-F041-44DD-BFCC-E17048911357}
		{C3BBF8BA-496C-45DF-9437-E549F7EA7573} = {78519A39-0189-4978-9529-F9C6F361D8F2}
		{DB9090BF-D81F-4357-81E7-FF31BA645F57} = {C3BBF8BA-496C-45DF-9437-E549F7EA7573}
		{8E507914-C9AE-4A64-AAC4-CDEC8B29287B} = {C3BBF8BA-496C-45DF-9437-E549F7EA7573}
		{13E448B2-8748-440D-9AB4-254FAC81F7D2} = {78519A39-0189-4978-9529-F9C6F361D8F2}
		{BDECF535-011C-42E6-97DC-468E71F6880A} = {96D7B45D-F041-44DD-BFCC-E17048911357}
		{16CBB0B8-F21E-425E-991C-8E2E6871A87C} = {94D0A422-54BA-48E4-9AAA-4C59BFF72F06}
		{4100F37D-CAFD-434C-99DB-4C2835292E23} = {78519A39-0189-4978-9529-F9C6F361D8F2}
		{F24CF4D5-D18F-42CB-9F47-BAE3BCF4C1E7} = {4100F37D-CAFD-434C-99DB-4C2835292E23}
		{CFECE7AD-4344-475D-8322-DFBEC2972B6E} = {94D0A422-54BA-48E4-9AAA-4C59BFF72F06}
	EndGlobalSection
	GlobalSection(ProjectConfigurationPlatforms) = postSolution
		{70485291-29F6-4FBA-BFE3-3F400184B3C8}.Debug|Any CPU.ActiveCfg = Debug|Any CPU
		{70485291-29F6-4FBA-BFE3-3F400184B3C8}.Debug|Any CPU.Build.0 = Debug|Any CPU
		{70485291-29F6-4FBA-BFE3-3F400184B3C8}.Release|Any CPU.ActiveCfg = Release|Any CPU
		{70485291-29F6-4FBA-BFE3-3F400184B3C8}.Release|Any CPU.Build.0 = Release|Any CPU
		{163DB313-21C2-4292-8795-A5E9ED200CC2}.Debug|Any CPU.ActiveCfg = Debug|Any CPU
		{163DB313-21C2-4292-8795-A5E9ED200CC2}.Debug|Any CPU.Build.0 = Debug|Any CPU
		{163DB313-21C2-4292-8795-A5E9ED200CC2}.Release|Any CPU.ActiveCfg = Release|Any CPU
		{163DB313-21C2-4292-8795-A5E9ED200CC2}.Release|Any CPU.Build.0 = Release|Any CPU
		{9C29455C-276F-4006-8A67-F1ECB78F9DD3}.Debug|Any CPU.ActiveCfg = Debug|Any CPU
		{9C29455C-276F-4006-8A67-F1ECB78F9DD3}.Debug|Any CPU.Build.0 = Debug|Any CPU
		{9C29455C-276F-4006-8A67-F1ECB78F9DD3}.Release|Any CPU.ActiveCfg = Release|Any CPU
		{9C29455C-276F-4006-8A67-F1ECB78F9DD3}.Release|Any CPU.Build.0 = Release|Any CPU
		{42158451-CF7A-4084-9927-3F11FE08D0D3}.Debug|Any CPU.ActiveCfg = Debug|Any CPU
		{42158451-CF7A-4084-9927-3F11FE08D0D3}.Debug|Any CPU.Build.0 = Debug|Any CPU
		{42158451-CF7A-4084-9927-3F11FE08D0D3}.Release|Any CPU.ActiveCfg = Release|Any CPU
		{42158451-CF7A-4084-9927-3F11FE08D0D3}.Release|Any CPU.Build.0 = Release|Any CPU
		{4787AF76-981A-4D29-A4F0-466981E7E780}.Debug|Any CPU.ActiveCfg = Debug|Any CPU
		{4787AF76-981A-4D29-A4F0-466981E7E780}.Debug|Any CPU.Build.0 = Debug|Any CPU
		{4787AF76-981A-4D29-A4F0-466981E7E780}.Release|Any CPU.ActiveCfg = Release|Any CPU
		{4787AF76-981A-4D29-A4F0-466981E7E780}.Release|Any CPU.Build.0 = Release|Any CPU
		{6545F4B2-EB81-4CF6-8FEC-C5FF8E116C7C}.Debug|Any CPU.ActiveCfg = Debug|Any CPU
		{6545F4B2-EB81-4CF6-8FEC-C5FF8E116C7C}.Debug|Any CPU.Build.0 = Debug|Any CPU
		{6545F4B2-EB81-4CF6-8FEC-C5FF8E116C7C}.Release|Any CPU.ActiveCfg = Release|Any CPU
		{6545F4B2-EB81-4CF6-8FEC-C5FF8E116C7C}.Release|Any CPU.Build.0 = Release|Any CPU
		{3B516449-884F-43E3-A88B-C3FFEE438217}.Debug|Any CPU.ActiveCfg = Debug|Any CPU
		{3B516449-884F-43E3-A88B-C3FFEE438217}.Debug|Any CPU.Build.0 = Debug|Any CPU
		{3B516449-884F-43E3-A88B-C3FFEE438217}.Release|Any CPU.ActiveCfg = Release|Any CPU
		{3B516449-884F-43E3-A88B-C3FFEE438217}.Release|Any CPU.Build.0 = Release|Any CPU
		{C75500BE-F61B-47E9-AD97-92E2659B7DCD}.Debug|Any CPU.ActiveCfg = Debug|Any CPU
		{C75500BE-F61B-47E9-AD97-92E2659B7DCD}.Debug|Any CPU.Build.0 = Debug|Any CPU
		{C75500BE-F61B-47E9-AD97-92E2659B7DCD}.Release|Any CPU.ActiveCfg = Release|Any CPU
		{C75500BE-F61B-47E9-AD97-92E2659B7DCD}.Release|Any CPU.Build.0 = Release|Any CPU
		{43738CF0-8AD4-44F9-B101-E6F9B472EC41}.Debug|Any CPU.ActiveCfg = Debug|Any CPU
		{43738CF0-8AD4-44F9-B101-E6F9B472EC41}.Debug|Any CPU.Build.0 = Debug|Any CPU
		{43738CF0-8AD4-44F9-B101-E6F9B472EC41}.Release|Any CPU.ActiveCfg = Release|Any CPU
		{43738CF0-8AD4-44F9-B101-E6F9B472EC41}.Release|Any CPU.Build.0 = Release|Any CPU
		{4FE70B6B-974C-4167-8CD2-D91707454E8F}.Debug|Any CPU.ActiveCfg = Debug|Any CPU
		{4FE70B6B-974C-4167-8CD2-D91707454E8F}.Debug|Any CPU.Build.0 = Debug|Any CPU
		{4FE70B6B-974C-4167-8CD2-D91707454E8F}.Release|Any CPU.ActiveCfg = Release|Any CPU
		{4FE70B6B-974C-4167-8CD2-D91707454E8F}.Release|Any CPU.Build.0 = Release|Any CPU
		{C1D3E8E5-5C9D-40A0-9C39-21AB06F60B9A}.Debug|Any CPU.ActiveCfg = Debug|Any CPU
		{C1D3E8E5-5C9D-40A0-9C39-21AB06F60B9A}.Debug|Any CPU.Build.0 = Debug|Any CPU
		{C1D3E8E5-5C9D-40A0-9C39-21AB06F60B9A}.Release|Any CPU.ActiveCfg = Release|Any CPU
		{C1D3E8E5-5C9D-40A0-9C39-21AB06F60B9A}.Release|Any CPU.Build.0 = Release|Any CPU
		{5A082012-06BC-4D33-BB30-3801A83C484F}.Debug|Any CPU.ActiveCfg = Debug|Any CPU
		{5A082012-06BC-4D33-BB30-3801A83C484F}.Debug|Any CPU.Build.0 = Debug|Any CPU
		{5A082012-06BC-4D33-BB30-3801A83C484F}.Release|Any CPU.ActiveCfg = Release|Any CPU
		{5A082012-06BC-4D33-BB30-3801A83C484F}.Release|Any CPU.Build.0 = Release|Any CPU
		{05951375-1D85-42AD-857B-4474A51816A1}.Debug|Any CPU.ActiveCfg = Debug|Any CPU
		{05951375-1D85-42AD-857B-4474A51816A1}.Debug|Any CPU.Build.0 = Debug|Any CPU
		{05951375-1D85-42AD-857B-4474A51816A1}.Release|Any CPU.ActiveCfg = Release|Any CPU
		{05951375-1D85-42AD-857B-4474A51816A1}.Release|Any CPU.Build.0 = Release|Any CPU
		{2753C61C-57D5-4612-BC4C-59D64D10337A}.Debug|Any CPU.ActiveCfg = Debug|Any CPU
		{2753C61C-57D5-4612-BC4C-59D64D10337A}.Debug|Any CPU.Build.0 = Debug|Any CPU
		{2753C61C-57D5-4612-BC4C-59D64D10337A}.Release|Any CPU.ActiveCfg = Release|Any CPU
		{2753C61C-57D5-4612-BC4C-59D64D10337A}.Release|Any CPU.Build.0 = Release|Any CPU
		{050C69A8-C69D-4202-810D-70BB51F19C1F}.Debug|Any CPU.ActiveCfg = Debug|Any CPU
		{050C69A8-C69D-4202-810D-70BB51F19C1F}.Debug|Any CPU.Build.0 = Debug|Any CPU
		{050C69A8-C69D-4202-810D-70BB51F19C1F}.Release|Any CPU.ActiveCfg = Release|Any CPU
		{050C69A8-C69D-4202-810D-70BB51F19C1F}.Release|Any CPU.Build.0 = Release|Any CPU
		{55EF840B-F16D-4D15-9770-B3006ADB6EFB}.Debug|Any CPU.ActiveCfg = Debug|Any CPU
		{55EF840B-F16D-4D15-9770-B3006ADB6EFB}.Debug|Any CPU.Build.0 = Debug|Any CPU
		{55EF840B-F16D-4D15-9770-B3006ADB6EFB}.Release|Any CPU.ActiveCfg = Release|Any CPU
		{55EF840B-F16D-4D15-9770-B3006ADB6EFB}.Release|Any CPU.Build.0 = Release|Any CPU
		{B06AEDD8-DCE4-4F23-B730-C353E627A8E4}.Debug|Any CPU.ActiveCfg = Debug|Any CPU
		{B06AEDD8-DCE4-4F23-B730-C353E627A8E4}.Debug|Any CPU.Build.0 = Debug|Any CPU
		{B06AEDD8-DCE4-4F23-B730-C353E627A8E4}.Release|Any CPU.ActiveCfg = Release|Any CPU
		{B06AEDD8-DCE4-4F23-B730-C353E627A8E4}.Release|Any CPU.Build.0 = Release|Any CPU
		{FDA00E3B-C9C8-4B66-B516-C17E7F7BA9CD}.Debug|Any CPU.ActiveCfg = Debug|Any CPU
		{FDA00E3B-C9C8-4B66-B516-C17E7F7BA9CD}.Debug|Any CPU.Build.0 = Debug|Any CPU
		{FDA00E3B-C9C8-4B66-B516-C17E7F7BA9CD}.Release|Any CPU.ActiveCfg = Release|Any CPU
		{FDA00E3B-C9C8-4B66-B516-C17E7F7BA9CD}.Release|Any CPU.Build.0 = Release|Any CPU
		{6FD57F65-0633-4C02-8FAB-AE93DFD094B8}.Debug|Any CPU.ActiveCfg = Debug|Any CPU
		{6FD57F65-0633-4C02-8FAB-AE93DFD094B8}.Debug|Any CPU.Build.0 = Debug|Any CPU
		{6FD57F65-0633-4C02-8FAB-AE93DFD094B8}.Release|Any CPU.ActiveCfg = Release|Any CPU
		{6FD57F65-0633-4C02-8FAB-AE93DFD094B8}.Release|Any CPU.Build.0 = Release|Any CPU
		{1DA5484A-F0A1-4609-8FBE-F7F5AB446005}.Debug|Any CPU.ActiveCfg = Debug|Any CPU
		{1DA5484A-F0A1-4609-8FBE-F7F5AB446005}.Debug|Any CPU.Build.0 = Debug|Any CPU
		{1DA5484A-F0A1-4609-8FBE-F7F5AB446005}.Release|Any CPU.ActiveCfg = Release|Any CPU
		{1DA5484A-F0A1-4609-8FBE-F7F5AB446005}.Release|Any CPU.Build.0 = Release|Any CPU
		{D415A576-80E2-42F0-8239-C79039BFF266}.Debug|Any CPU.ActiveCfg = Debug|Any CPU
		{D415A576-80E2-42F0-8239-C79039BFF266}.Debug|Any CPU.Build.0 = Debug|Any CPU
		{D415A576-80E2-42F0-8239-C79039BFF266}.Release|Any CPU.ActiveCfg = Release|Any CPU
		{D415A576-80E2-42F0-8239-C79039BFF266}.Release|Any CPU.Build.0 = Release|Any CPU
		{0B5F3C06-B90B-4712-98DC-7D74D081BD88}.Debug|Any CPU.ActiveCfg = Debug|Any CPU
		{0B5F3C06-B90B-4712-98DC-7D74D081BD88}.Debug|Any CPU.Build.0 = Debug|Any CPU
		{0B5F3C06-B90B-4712-98DC-7D74D081BD88}.Release|Any CPU.ActiveCfg = Release|Any CPU
		{0B5F3C06-B90B-4712-98DC-7D74D081BD88}.Release|Any CPU.Build.0 = Release|Any CPU
		{252E6293-78BA-41A1-8294-AF7D8D151A48}.Debug|Any CPU.ActiveCfg = Debug|Any CPU
		{252E6293-78BA-41A1-8294-AF7D8D151A48}.Debug|Any CPU.Build.0 = Debug|Any CPU
		{252E6293-78BA-41A1-8294-AF7D8D151A48}.Release|Any CPU.ActiveCfg = Release|Any CPU
		{252E6293-78BA-41A1-8294-AF7D8D151A48}.Release|Any CPU.Build.0 = Release|Any CPU
		{9F9ABD22-CF41-4B33-AB01-CA8E62933D1D}.Debug|Any CPU.ActiveCfg = Debug|Any CPU
		{9F9ABD22-CF41-4B33-AB01-CA8E62933D1D}.Debug|Any CPU.Build.0 = Debug|Any CPU
		{9F9ABD22-CF41-4B33-AB01-CA8E62933D1D}.Release|Any CPU.ActiveCfg = Release|Any CPU
		{9F9ABD22-CF41-4B33-AB01-CA8E62933D1D}.Release|Any CPU.Build.0 = Release|Any CPU
		{DB9090BF-D81F-4357-81E7-FF31BA645F57}.Debug|Any CPU.ActiveCfg = Debug|Any CPU
		{DB9090BF-D81F-4357-81E7-FF31BA645F57}.Debug|Any CPU.Build.0 = Debug|Any CPU
		{DB9090BF-D81F-4357-81E7-FF31BA645F57}.Release|Any CPU.ActiveCfg = Release|Any CPU
		{DB9090BF-D81F-4357-81E7-FF31BA645F57}.Release|Any CPU.Build.0 = Release|Any CPU
		{8E507914-C9AE-4A64-AAC4-CDEC8B29287B}.Debug|Any CPU.ActiveCfg = Debug|Any CPU
		{8E507914-C9AE-4A64-AAC4-CDEC8B29287B}.Debug|Any CPU.Build.0 = Debug|Any CPU
		{8E507914-C9AE-4A64-AAC4-CDEC8B29287B}.Release|Any CPU.ActiveCfg = Release|Any CPU
		{8E507914-C9AE-4A64-AAC4-CDEC8B29287B}.Release|Any CPU.Build.0 = Release|Any CPU
		{BDECF535-011C-42E6-97DC-468E71F6880A}.Debug|Any CPU.ActiveCfg = Debug|Any CPU
		{BDECF535-011C-42E6-97DC-468E71F6880A}.Debug|Any CPU.Build.0 = Debug|Any CPU
		{BDECF535-011C-42E6-97DC-468E71F6880A}.Release|Any CPU.ActiveCfg = Release|Any CPU
		{BDECF535-011C-42E6-97DC-468E71F6880A}.Release|Any CPU.Build.0 = Release|Any CPU
		{16CBB0B8-F21E-425E-991C-8E2E6871A87C}.Debug|Any CPU.ActiveCfg = Debug|Any CPU
		{16CBB0B8-F21E-425E-991C-8E2E6871A87C}.Debug|Any CPU.Build.0 = Debug|Any CPU
		{16CBB0B8-F21E-425E-991C-8E2E6871A87C}.Release|Any CPU.ActiveCfg = Release|Any CPU
		{16CBB0B8-F21E-425E-991C-8E2E6871A87C}.Release|Any CPU.Build.0 = Release|Any CPU
		{F24CF4D5-D18F-42CB-9F47-BAE3BCF4C1E7}.Debug|Any CPU.ActiveCfg = Debug|Any CPU
		{F24CF4D5-D18F-42CB-9F47-BAE3BCF4C1E7}.Debug|Any CPU.Build.0 = Debug|Any CPU
		{F24CF4D5-D18F-42CB-9F47-BAE3BCF4C1E7}.Release|Any CPU.ActiveCfg = Release|Any CPU
		{F24CF4D5-D18F-42CB-9F47-BAE3BCF4C1E7}.Release|Any CPU.Build.0 = Release|Any CPU
		{CFECE7AD-4344-475D-8322-DFBEC2972B6E}.Debug|Any CPU.ActiveCfg = Debug|Any CPU
		{CFECE7AD-4344-475D-8322-DFBEC2972B6E}.Debug|Any CPU.Build.0 = Debug|Any CPU
		{CFECE7AD-4344-475D-8322-DFBEC2972B6E}.Release|Any CPU.ActiveCfg = Release|Any CPU
		{CFECE7AD-4344-475D-8322-DFBEC2972B6E}.Release|Any CPU.Build.0 = Release|Any CPU
	EndGlobalSection
EndGlobal
