
Microsoft Visual Studio Solution File, Format Version 12.00
Project("{2150E333-8FDC-42A3-9474-1A3956D46DE8}") = "samples", "samples", "{341E13EA-1D2D-4A80-A093-76F5CBECD154}"
EndProject
Project("{2150E333-8FDC-42A3-9474-1A3956D46DE8}") = "src", "src", "{8A1155D1-2B1B-4C90-B0A1-0B978B70C4E4}"
EndProject
Project("{2150E333-8FDC-42A3-9474-1A3956D46DE8}") = "test", "test", "{322706BF-7370-4032-AF65-E24DCB7FD25F}"
EndProject
Project("{FAE04EC0-301F-11D3-BF4B-00C04F79EFBC}") = "Aevatar.SignalR", "src\Aevatar.SignalR\Aevatar.SignalR.csproj", "{7F701DA5-59A6-492E-BFAC-C6C834818CA6}"
EndProject
Project("{FAE04EC0-301F-11D3-BF4B-00C04F79EFBC}") = "SignalRSample.Host", "samples\SignalRSample.Host\SignalRSample.Host.csproj", "{0A734EBF-6684-4802-92B5-6E1EFD2C6B5A}"
EndProject
Project("{FAE04EC0-301F-11D3-BF4B-00C04F79EFBC}") = "SignalRSample.Client", "samples\SignalRSample.Client\SignalRSample.Client.csproj", "{29F84730-5945-4D60-8E05-8B722040EFF2}"
EndProject
Project("{FAE04EC0-301F-11D3-BF4B-00C04F79EFBC}") = "Aevatar.TestBase", "test\Aevatar.TestBase\Aevatar.TestBase.csproj", "{F04B0D80-E094-47F7-ACB2-18E679725851}"
EndProject
Project("{FAE04EC0-301F-11D3-BF4B-00C04F79EFBC}") = "SignalRSample.GAgents", "samples\SignalRSample.GAgents\SignalRSample.GAgents.csproj", "{E63EF7F3-9E72-4696-9259-E5926CB07965}"
EndProject
Global
	GlobalSection(SolutionConfigurationPlatforms) = preSolution
		Debug|Any CPU = Debug|Any CPU
		Release|Any CPU = Release|Any CPU
	EndGlobalSection
	GlobalSection(NestedProjects) = preSolution
		{7F701DA5-59A6-492E-BFAC-C6C834818CA6} = {8A1155D1-2B1B-4C90-B0A1-0B978B70C4E4}
		{0A734EBF-6684-4802-92B5-6E1EFD2C6B5A} = {341E13EA-1D2D-4A80-A093-76F5CBECD154}
		{29F84730-5945-4D60-8E05-8B722040EFF2} = {341E13EA-1D2D-4A80-A093-76F5CBECD154}
		{F04B0D80-E094-47F7-ACB2-18E679725851} = {322706BF-7370-4032-AF65-E24DCB7FD25F}
		{E63EF7F3-9E72-4696-9259-E5926CB07965} = {341E13EA-1D2D-4A80-A093-76F5CBECD154}
	EndGlobalSection
	GlobalSection(ProjectConfigurationPlatforms) = postSolution
		{7F701DA5-59A6-492E-BFAC-C6C834818CA6}.Debug|Any CPU.ActiveCfg = Debug|Any CPU
		{7F701DA5-59A6-492E-BFAC-C6C834818CA6}.Debug|Any CPU.Build.0 = Debug|Any CPU
		{7F701DA5-59A6-492E-BFAC-C6C834818CA6}.Release|Any CPU.ActiveCfg = Release|Any CPU
		{7F701DA5-59A6-492E-BFAC-C6C834818CA6}.Release|Any CPU.Build.0 = Release|Any CPU
		{0A734EBF-6684-4802-92B5-6E1EFD2C6B5A}.Debug|Any CPU.ActiveCfg = Debug|Any CPU
		{0A734EBF-6684-4802-92B5-6E1EFD2C6B5A}.Debug|Any CPU.Build.0 = Debug|Any CPU
		{0A734EBF-6684-4802-92B5-6E1EFD2C6B5A}.Release|Any CPU.ActiveCfg = Release|Any CPU
		{0A734EBF-6684-4802-92B5-6E1EFD2C6B5A}.Release|Any CPU.Build.0 = Release|Any CPU
		{29F84730-5945-4D60-8E05-8B722040EFF2}.Debug|Any CPU.ActiveCfg = Debug|Any CPU
		{29F84730-5945-4D60-8E05-8B722040EFF2}.Debug|Any CPU.Build.0 = Debug|Any CPU
		{29F84730-5945-4D60-8E05-8B722040EFF2}.Release|Any CPU.ActiveCfg = Release|Any CPU
		{29F84730-5945-4D60-8E05-8B722040EFF2}.Release|Any CPU.Build.0 = Release|Any CPU
		{F04B0D80-E094-47F7-ACB2-18E679725851}.Debug|Any CPU.ActiveCfg = Debug|Any CPU
		{F04B0D80-E094-47F7-ACB2-18E679725851}.Debug|Any CPU.Build.0 = Debug|Any CPU
		{F04B0D80-E094-47F7-ACB2-18E679725851}.Release|Any CPU.ActiveCfg = Release|Any CPU
		{F04B0D80-E094-47F7-ACB2-18E679725851}.Release|Any CPU.Build.0 = Release|Any CPU
		{E63EF7F3-9E72-4696-9259-E5926CB07965}.Debug|Any CPU.ActiveCfg = Debug|Any CPU
		{E63EF7F3-9E72-4696-9259-E5926CB07965}.Debug|Any CPU.Build.0 = Debug|Any CPU
		{E63EF7F3-9E72-4696-9259-E5926CB07965}.Release|Any CPU.ActiveCfg = Release|Any CPU
		{E63EF7F3-9E72-4696-9259-E5926CB07965}.Release|Any CPU.Build.0 = Release|Any CPU
	EndGlobalSection
EndGlobal
