
Microsoft Visual Studio Solution File, Format Version 12.00
Project("{2150E333-8FDC-42A3-9474-1A3956D46DE8}") = "samples", "samples", "{341E13EA-1D2D-4A80-A093-76F5CBECD154}"
EndProject
Project("{2150E333-8FDC-42A3-9474-1A3956D46DE8}") = "src", "src", "{8A1155D1-2B1B-4C90-B0A1-0B978B70C4E4}"
EndProject
Project("{2150E333-8FDC-42A3-9474-1A3956D46DE8}") = "test", "test", "{322706BF-7370-4032-AF65-E24DCB7FD25F}"
EndProject
Project("{FAE04EC0-301F-11D3-BF4B-00C04F79EFBC}") = "Aevatar.SignalR", "src\Aevatar.SignalR\Aevatar.SignalR.csproj", "{7F701DA5-59A6-492E-BFAC-C6C834818CA6}"
EndProject
Project("{FAE04EC0-301F-11D3-BF4B-00C04F79EFBC}") = "SignalRSample.Host", "samples\SignalRSample.Host\SignalRSample.Host.csproj", "{0A734EBF-6684-4802-92B5-6E1EFD2C6B5A}"
EndProject
Project("{FAE04EC0-301F-11D3-BF4B-00C04F79EFBC}") = "SignalRSample.Client", "samples\SignalRSample.Client\SignalRSample.Client.csproj", "{29F84730-5945-4D60-8E05-8B722040EFF2}"
EndProject
Project("{FAE04EC0-301F-11D3-BF4B-00C04F79EFBC}") = "Aevatar.TestBase", "test\Aevatar.TestBase\Aevatar.TestBase.csproj", "{F04B0D80-E094-47F7-ACB2-18E679725851}"
EndProject
Project("{FAE04EC0-301F-11D3-BF4B-00C04F79EFBC}") = "SignalRSample.GAgents", "samples\SignalRSample.GAgents\SignalRSample.GAgents.csproj", "{E63EF7F3-9E72-4696-9259-E5926CB07965}"
EndProject
Project("{FAE04EC0-301F-11D3-BF4B-00C04F79EFBC}") = "Aevatar.SignalR.Tests", "test\Aevatar.SignalR.Tests\Aevatar.SignalR.Tests.csproj", "{897C9AA3-B3AB-4654-9BC1-8BC595F62782}"
EndProject
Project("{2150E333-8FDC-42A3-9474-1A3956D46DE8}") = "framework", "framework", "{FF8DD389-1B9A-43CD-8A28-EDB5029359BB}"
EndProject
Project("{FAE04EC0-301F-11D3-BF4B-00C04F79EFBC}") = "Aevatar.Core", "..\framework\src\Aevatar.Core\Aevatar.Core.csproj", "{221571A0-0ECA-48F7-A9F9-5ABB19D6B5DC}"
EndProject
Project("{FAE04EC0-301F-11D3-BF4B-00C04F79EFBC}") = "Aevatar.Core.Abstractions", "..\framework\src\Aevatar.Core.Abstractions\Aevatar.Core.Abstractions.csproj", "{6DBB0582-DCF0-4269-B1BD-C02A7C5201D7}"
EndProject
Project("{FAE04EC0-301F-11D3-BF4B-00C04F79EFBC}") = "Aevatar", "..\framework\src\Aevatar\Aevatar.csproj", "{B5036DC4-E5AA-4B93-B60A-D16CAB632D72}"
EndProject
Project("{FAE04EC0-301F-11D3-BF4B-00C04F79EFBC}") = "Aevatar.PermissionManagement", "..\framework\src\Aevatar.PermissionManagement\Aevatar.PermissionManagement.csproj", "{079F3DE6-6972-4C9C-A59D-9ACDADAA963C}"
EndProject
Global
	GlobalSection(SolutionConfigurationPlatforms) = preSolution
		Debug|Any CPU = Debug|Any CPU
		Release|Any CPU = Release|Any CPU
	EndGlobalSection
	GlobalSection(NestedProjects) = preSolution
		{7F701DA5-59A6-492E-BFAC-C6C834818CA6} = {8A1155D1-2B1B-4C90-B0A1-0B978B70C4E4}
		{0A734EBF-6684-4802-92B5-6E1EFD2C6B5A} = {341E13EA-1D2D-4A80-A093-76F5CBECD154}
		{29F84730-5945-4D60-8E05-8B722040EFF2} = {341E13EA-1D2D-4A80-A093-76F5CBECD154}
		{F04B0D80-E094-47F7-ACB2-18E679725851} = {322706BF-7370-4032-AF65-E24DCB7FD25F}
		{E63EF7F3-9E72-4696-9259-E5926CB07965} = {341E13EA-1D2D-4A80-A093-76F5CBECD154}
		{897C9AA3-B3AB-4654-9BC1-8BC595F62782} = {322706BF-7370-4032-AF65-E24DCB7FD25F}
		{221571A0-0ECA-48F7-A9F9-5ABB19D6B5DC} = {FF8DD389-1B9A-43CD-8A28-EDB5029359BB}
		{6DBB0582-DCF0-4269-B1BD-C02A7C5201D7} = {FF8DD389-1B9A-43CD-8A28-EDB5029359BB}
		{B5036DC4-E5AA-4B93-B60A-D16CAB632D72} = {FF8DD389-1B9A-43CD-8A28-EDB5029359BB}
		{079F3DE6-6972-4C9C-A59D-9ACDADAA963C} = {FF8DD389-1B9A-43CD-8A28-EDB5029359BB}
	EndGlobalSection
	GlobalSection(ProjectConfigurationPlatforms) = postSolution
		{7F701DA5-59A6-492E-BFAC-C6C834818CA6}.Debug|Any CPU.ActiveCfg = Debug|Any CPU
		{7F701DA5-59A6-492E-BFAC-C6C834818CA6}.Debug|Any CPU.Build.0 = Debug|Any CPU
		{7F701DA5-59A6-492E-BFAC-C6C834818CA6}.Release|Any CPU.ActiveCfg = Release|Any CPU
		{7F701DA5-59A6-492E-BFAC-C6C834818CA6}.Release|Any CPU.Build.0 = Release|Any CPU
		{0A734EBF-6684-4802-92B5-6E1EFD2C6B5A}.Debug|Any CPU.ActiveCfg = Debug|Any CPU
		{0A734EBF-6684-4802-92B5-6E1EFD2C6B5A}.Debug|Any CPU.Build.0 = Debug|Any CPU
		{0A734EBF-6684-4802-92B5-6E1EFD2C6B5A}.Release|Any CPU.ActiveCfg = Release|Any CPU
		{0A734EBF-6684-4802-92B5-6E1EFD2C6B5A}.Release|Any CPU.Build.0 = Release|Any CPU
		{29F84730-5945-4D60-8E05-8B722040EFF2}.Debug|Any CPU.ActiveCfg = Debug|Any CPU
		{29F84730-5945-4D60-8E05-8B722040EFF2}.Debug|Any CPU.Build.0 = Debug|Any CPU
		{29F84730-5945-4D60-8E05-8B722040EFF2}.Release|Any CPU.ActiveCfg = Release|Any CPU
		{29F84730-5945-4D60-8E05-8B722040EFF2}.Release|Any CPU.Build.0 = Release|Any CPU
		{F04B0D80-E094-47F7-ACB2-18E679725851}.Debug|Any CPU.ActiveCfg = Debug|Any CPU
		{F04B0D80-E094-47F7-ACB2-18E679725851}.Debug|Any CPU.Build.0 = Debug|Any CPU
		{F04B0D80-E094-47F7-ACB2-18E679725851}.Release|Any CPU.ActiveCfg = Release|Any CPU
		{F04B0D80-E094-47F7-ACB2-18E679725851}.Release|Any CPU.Build.0 = Release|Any CPU
		{E63EF7F3-9E72-4696-9259-E5926CB07965}.Debug|Any CPU.ActiveCfg = Debug|Any CPU
		{E63EF7F3-9E72-4696-9259-E5926CB07965}.Debug|Any CPU.Build.0 = Debug|Any CPU
		{E63EF7F3-9E72-4696-9259-E5926CB07965}.Release|Any CPU.ActiveCfg = Release|Any CPU
		{E63EF7F3-9E72-4696-9259-E5926CB07965}.Release|Any CPU.Build.0 = Release|Any CPU
		{897C9AA3-B3AB-4654-9BC1-8BC595F62782}.Debug|Any CPU.ActiveCfg = Debug|Any CPU
		{897C9AA3-B3AB-4654-9BC1-8BC595F62782}.Debug|Any CPU.Build.0 = Debug|Any CPU
		{897C9AA3-B3AB-4654-9BC1-8BC595F62782}.Release|Any CPU.ActiveCfg = Release|Any CPU
		{897C9AA3-B3AB-4654-9BC1-8BC595F62782}.Release|Any CPU.Build.0 = Release|Any CPU
		{221571A0-0ECA-48F7-A9F9-5ABB19D6B5DC}.Debug|Any CPU.ActiveCfg = Debug|Any CPU
		{221571A0-0ECA-48F7-A9F9-5ABB19D6B5DC}.Debug|Any CPU.Build.0 = Debug|Any CPU
		{221571A0-0ECA-48F7-A9F9-5ABB19D6B5DC}.Release|Any CPU.ActiveCfg = Release|Any CPU
		{221571A0-0ECA-48F7-A9F9-5ABB19D6B5DC}.Release|Any CPU.Build.0 = Release|Any CPU
		{6DBB0582-DCF0-4269-B1BD-C02A7C5201D7}.Debug|Any CPU.ActiveCfg = Debug|Any CPU
		{6DBB0582-DCF0-4269-B1BD-C02A7C5201D7}.Debug|Any CPU.Build.0 = Debug|Any CPU
		{6DBB0582-DCF0-4269-B1BD-C02A7C5201D7}.Release|Any CPU.ActiveCfg = Release|Any CPU
		{6DBB0582-DCF0-4269-B1BD-C02A7C5201D7}.Release|Any CPU.Build.0 = Release|Any CPU
		{B5036DC4-E5AA-4B93-B60A-D16CAB632D72}.Debug|Any CPU.ActiveCfg = Debug|Any CPU
		{B5036DC4-E5AA-4B93-B60A-D16CAB632D72}.Debug|Any CPU.Build.0 = Debug|Any CPU
		{B5036DC4-E5AA-4B93-B60A-D16CAB632D72}.Release|Any CPU.ActiveCfg = Release|Any CPU
		{B5036DC4-E5AA-4B93-B60A-D16CAB632D72}.Release|Any CPU.Build.0 = Release|Any CPU
		{079F3DE6-6972-4C9C-A59D-9ACDADAA963C}.Debug|Any CPU.ActiveCfg = Debug|Any CPU
		{079F3DE6-6972-4C9C-A59D-9ACDADAA963C}.Debug|Any CPU.Build.0 = Debug|Any CPU
		{079F3DE6-6972-4C9C-A59D-9ACDADAA963C}.Release|Any CPU.ActiveCfg = Release|Any CPU
		{079F3DE6-6972-4C9C-A59D-9ACDADAA963C}.Release|Any CPU.Build.0 = Release|Any CPU
	EndGlobalSection
EndGlobal
