
Microsoft Visual Studio Solution File, Format Version 12.00
# Visual Studio Version 16
VisualStudioVersion = 16.0.29020.237
MinimumVisualStudioVersion = 10.0.40219.1
Project("{2150E333-8FDC-42A3-9474-1A3956D46DE8}") = "src", "src", "{CA9AC87F-097E-4F15-8393-4BC07735A5B0}"
EndProject
Project("{2150E333-8FDC-42A3-9474-1A3956D46DE8}") = "test", "test", "{04DBDB01-70F4-4E06-B468-8F87850B22BE}"
EndProject
Project("{FAE04EC0-301F-11D3-BF4B-00C04F79EFBC}") = "Aevatar.GAgents.AElf", "src\Aevatar.GAgents.AElf\Aevatar.GAgents.AElf.csproj", "{DF51070F-0462-44B6-8A50-3270FBAAC230}"
EndProject
Project("{FAE04EC0-301F-11D3-BF4B-00C04F79EFBC}") = "Aevatar.GAgents.Twitter", "src\Aevatar.GAgents.Twitter\Aevatar.GAgents.Twitter.csproj", "{FC90D79E-F03C-49F0-98DC-9AF61DA1BE19}"
EndProject
Project("{FAE04EC0-301F-11D3-BF4B-00C04F79EFBC}") = "Aevatar.GAgents.Telegram", "src\Aevatar.GAgents.Telegram\Aevatar.GAgents.Telegram.csproj", "{3DBEFD1D-29AF-4A7A-AC6D-6C844BA27241}"
EndProject
Project("{FAE04EC0-301F-11D3-BF4B-00C04F79EFBC}") = "Aevatar.GAgents.SocialGAgent", "src\Aevatar.GAgents.SocialGAgent\Aevatar.GAgents.SocialGAgent.csproj", "{CC99AB12-4463-4386-BF17-CE0E26797E23}"
EndProject
Project("{FAE04EC0-301F-11D3-BF4B-00C04F79EFBC}") = "Aevatar.GAgents.Basic", "src\Aevatar.GAgents.Basic\Aevatar.GAgents.Basic.csproj", "{2D7581FC-F078-4DF6-911E-B0C7D7F23E15}"
EndProject
Project("{FAE04EC0-301F-11D3-BF4B-00C04F79EFBC}") = "Aevatar.GAgents.TestBase", "test\Aevatar.GAgents.TestBase\Aevatar.GAgents.TestBase.csproj", "{C6556366-58A6-47BB-8391-051EA47C5173}"
EndProject
Project("{FAE04EC0-301F-11D3-BF4B-00C04F79EFBC}") = "Aevatar.GAgents.AIGAgent", "src\Aevatar.GAgents.AIGAgent\Aevatar.GAgents.AIGAgent.csproj", "{A4E9654E-B464-4EA9-8558-CA19D82F24E2}"
EndProject
Project("{FAE04EC0-301F-11D3-BF4B-00C04F79EFBC}") = "Aevatar.GAgents.AI.Abstractions", "src\Aevatar.GAgents.AI.Abstractions\Aevatar.GAgents.AI.Abstractions.csproj", "{18D94C88-676C-4181-9313-B70D8A804775}"
EndProject
Project("{FAE04EC0-301F-11D3-BF4B-00C04F79EFBC}") = "Aevatar.GAgents.SemanticKernel", "src\Aevatar.GAgents.SemanticKernel\Aevatar.GAgents.SemanticKernel.csproj", "{C5A33794-FF0F-43C2-835B-BC2825995BF0}"
EndProject
Project("{2150E333-8FDC-42A3-9474-1A3956D46DE8}") = "samples", "samples", "{9A5AF866-5118-4DA9-867A-4C22060B7347}"
EndProject
Project("{2150E333-8FDC-42A3-9474-1A3956D46DE8}") = "AIGAgent", "AIGAgent", "{D5F67508-C302-47D6-9DE9-32C2DC83917B}"
EndProject
Project("{FAE04EC0-301F-11D3-BF4B-00C04F79EFBC}") = "SimpleAIGAgent.Client", "simples\AIGAgent\SimpleAIGAgent.Client\SimpleAIGAgent.Client.csproj", "{C5E7873B-8683-4AC2-9113-BDA48FDC10DF}"
EndProject
Project("{FAE04EC0-301F-11D3-BF4B-00C04F79EFBC}") = "SimpleAIGAgent.Grains", "simples\AIGAgent\SimpleAIGAgent.Grains\SimpleAIGAgent.Grains.csproj", "{5C1D6FFC-DDFC-48A7-8DB0-B02EBD5FF243}"
EndProject
Project("{FAE04EC0-301F-11D3-BF4B-00C04F79EFBC}") = "SimpleAIGAgent.Silo", "simples\AIGAgent\SimpleAIGAgent.Silo\SimpleAIGAgent.Silo.csproj", "{F6A070BD-EE04-45E8-B3E7-D68B30503FE1}"
EndProject
Project("{FAE04EC0-301F-11D3-BF4B-00C04F79EFBC}") = "Aevatar.GAgents.ChatAgent", "src\Aevatar.GAgents.ChatAgent\Aevatar.GAgents.ChatAgent.csproj", "{FA1D05BC-DD92-4BA5-BACC-A64DB471C20B}"
EndProject
Project("{FAE04EC0-301F-11D3-BF4B-00C04F79EFBC}") = "Aevatar.GAgents.Router", "src\Aevatar.GAgents.Router\Aevatar.GAgents.Router.csproj", "{32EB416A-1337-4951-9D0A-68B41A62A696}"
EndProject
Project("{FAE04EC0-301F-11D3-BF4B-00C04F79EFBC}") = "Aevatar.GAgents.Workflow.Test", "test\Aevatar.GAgents.Workflow.Test\Aevatar.GAgents.Workflow.Test.csproj", "{0B29CF2B-C709-4ACA-B03B-655C5E128793}"
EndProject
Project("{FAE04EC0-301F-11D3-BF4B-00C04F79EFBC}") = "Aevatar.GAgents.GraphRetrievalAgent", "src\Aevatar.GAgents.GraphRetrievalAgent\Aevatar.GAgents.GraphRetrievalAgent.csproj", "{E5D64689-226A-4556-A1A4-3F44CC23B88D}"
EndProject
Project("{FAE04EC0-301F-11D3-BF4B-00C04F79EFBC}") = "Aevatar.GAgents.GroupChat", "src\Aevatar.GAgents.GroupChat\Aevatar.GAgents.GroupChat.csproj", "{FD7D3759-25A6-4529-B58D-7A20601FDF4E}"
EndProject
Project("{2150E333-8FDC-42A3-9474-1A3956D46DE8}") = "GroupChat", "GroupChat", "{A637340E-0273-4C0C-A6BF-8B3B5108DFEC}"
EndProject
Project("{FAE04EC0-301F-11D3-BF4B-00C04F79EFBC}") = "GroupChat.Silo", "simples\GroupChat\GroupChat.Silo\GroupChat.Silo.csproj", "{FCAB55BA-B3D5-4C44-887E-1DD0ABF29100}"
EndProject
Project("{FAE04EC0-301F-11D3-BF4B-00C04F79EFBC}") = "GroupChat.Client", "simples\GroupChat\GroupChat.Client\GroupChat.Client.csproj", "{FDEF6C2A-CB07-4250-9D4D-9EF9964E2ED9}"
EndProject
Project("{FAE04EC0-301F-11D3-BF4B-00C04F79EFBC}") = "GroupChat.Grains", "simples\GroupChat\GroupChat.Grains\GroupChat.Grains.csproj", "{678CE8D7-31B8-416D-A527-EF1B8DE535D3}"
EndProject
Project("{FAE04EC0-301F-11D3-BF4B-00C04F79EFBC}") = "Aevatar.GAgents.GroupChat.Test", "test\Aevatar.GAgents.GroupChat.Test\Aevatar.GAgents.GroupChat.Test.csproj", "{CB7CA80D-3596-49F8-BB98-4F704A688E78}"
EndProject
Project("{FAE04EC0-301F-11D3-BF4B-00C04F79EFBC}") = "Aevatar.GAgents.MultiAIChatGAgent", "src\Aevatar.GAgents.MultiAIChatGAgent\Aevatar.GAgents.MultiAIChatGAgent.csproj", "{A3E7DC5A-19F3-4BD1-9A7E-760A4A34776C}"
EndProject
Project("{FAE04EC0-301F-11D3-BF4B-00C04F79EFBC}") = "Aevatar.GAgents.AIGAgent.Test", "test\Aevatar.GAgents.AIGAgent.Test\Aevatar.GAgents.AIGAgent.Test.csproj", "{D9BAA2DA-4B01-42A6-9A5A-0BC23CA49492}"
EndProject
Project("{FAE04EC0-301F-11D3-BF4B-00C04F79EFBC}") = "Aevatar.GAgents.MultiAIChatGAgent.Test", "test\Aevatar.GAgents.MultiAIChatGAgent.Test\Aevatar.GAgents.MultiAIChatGAgent.Test.csproj", "{164C499B-F6D5-4847-907C-36FE8AC9B022}"
EndProject
Project("{FAE04EC0-301F-11D3-BF4B-00C04F79EFBC}") = "Aevatar.GAgents.ChatAgent.Test", "test\Aevatar.GAgents.ChatAgent.Test\Aevatar.GAgents.ChatAgent.Test.csproj", "{6B93AAF9-FA8B-4261-AAAE-6627F7D4A906}"
EndProject
Project("{FAE04EC0-301F-11D3-BF4B-00C04F79EFBC}") = "Aevatar.GAgents.Executor", "src\Aevatar.GAgents.Executor\Aevatar.GAgents.Executor.csproj", "{F16A151E-50C4-4767-AE7E-B9C9D6B4D560}"
EndProject
Project("{2150E333-8FDC-42A3-9474-1A3956D46DE8}") = "docs", "docs", "{431973C0-FD6D-4030-ADBC-CE3D549B07F2}"
	ProjectSection(SolutionItems) = preProject
		docs\AIGAgentBase_MCP_Type_Conversion.md = docs\AIGAgentBase_MCP_Type_Conversion.md
	EndProjectSection
EndProject
Project("{2150E333-8FDC-42A3-9474-1A3956D46DE8}") = "design", "design", "{2DE52441-A9C1-4C43-865B-310ED5E8B4FB}"
	ProjectSection(SolutionItems) = preProject
		docs\design\AIGAgentBase_GAgentExecutor_Integration.md = docs\design\AIGAgentBase_GAgentExecutor_Integration.md
		docs\design\MCP_GAgent_Design.md = docs\design\MCP_GAgent_Design.md
	EndProjectSection
EndProject
Project("{2150E333-8FDC-42A3-9474-1A3956D46DE8}") = "memos", "memos", "{6B2228C7-07EF-4FE3-98F9-2B9241DE25E4}"
	ProjectSection(SolutionItems) = preProject
		docs\memos\AIGAgentBase_GAgentExecutor_CollapseMemo.md = docs\memos\AIGAgentBase_GAgentExecutor_CollapseMemo.md
		docs\memos\MCP_GAgent_CollapseMemo.md = docs\memos\MCP_GAgent_CollapseMemo.md
	EndProjectSection
EndProject
Project("{FAE04EC0-301F-11D3-BF4B-00C04F79EFBC}") = "Aevatar.GAgents.MCP", "src\Aevatar.GAgents.MCP\Aevatar.GAgents.MCP.csproj", "{791A26A8-4C41-4041-802E-993463B673BA}"
EndProject
Project("{2150E333-8FDC-42A3-9474-1A3956D46DE8}") = "implementation", "implementation", "{75377329-6BF1-4765-8774-5449F7317268}"
EndProject
Project("{FAE04EC0-301F-11D3-BF4B-00C04F79EFBC}") = "Aevatar.GAgents.MCP.Test", "test\Aevatar.GAgents.MCP.Test\Aevatar.GAgents.MCP.Test.csproj", "{1D6D6DB3-8308-43C3-8716-A72221EC1EE0}"
EndProject
Project("{FAE04EC0-301F-11D3-BF4B-00C04F79EFBC}") = "Aevatar.GAgents.Pumpfun", "src\Aevatar.GAgents.Pumpfun\Aevatar.GAgents.Pumpfun.csproj", "{2FF3DB78-AAE5-4657-AD8E-DCD3E060199C}"
EndProject
Project("{FAE04EC0-301F-11D3-BF4B-00C04F79EFBC}") = "Aevatar.GAgents.PsiOmni", "src\Aevatar.GAgents.PsiOmni\Aevatar.GAgents.PsiOmni.csproj", "{9E47A958-1272-4F61-A559-75A1394E515C}"
EndProject
Project("{FAE04EC0-301F-11D3-BF4B-00C04F79EFBC}") = "Aevatar.GAgents.PsiOmni.Plugins", "src\Aevatar.GAgents.PsiOmni.Plugins\Aevatar.GAgents.PsiOmni.Plugins.csproj", "{C808041F-9CD1-4D31-85AF-1DFFB8A525CD}"
EndProject
Project("{FAE04EC0-301F-11D3-BF4B-00C04F79EFBC}") = "Aevatar.GAgents.MCP.Core", "src\Aevatar.GAgents.MCP.Core\Aevatar.GAgents.MCP.Core.csproj", "{EFAFBD60-6B0D-4504-8915-950F587D7FA6}"
EndProject
Project("{FAE04EC0-301F-11D3-BF4B-00C04F79EFBC}") = "Aevatar.GAgents.GroupChat.Core", "src\Aevatar.GAgents.GroupChat.Core\Aevatar.GAgents.GroupChat.Core.csproj", "{5BF7CAB1-FF86-4E45-BC79-AB7B2249B80A}"
EndProject
Project("{FAE04EC0-301F-11D3-BF4B-00C04F79EFBC}") = "Aevatar.GAgents.AIGAgent.Core", "src\Aevatar.GAgents.AIGAgent.Core\Aevatar.GAgents.AIGAgent.Core.csproj", "{E43A1BB3-09FC-4C89-B73E-3F4B8FF1E208}"
EndProject
Project("{FAE04EC0-301F-11D3-BF4B-00C04F79EFBC}") = "Aevatar.GAgents.GroupChat.GroupMember", "src\Aevatar.GAgents.GroupChat.GroupMember\Aevatar.GAgents.GroupChat.GroupMember.csproj", "{FF631364-5246-4867-84D5-A00E9EDA40F0}"
EndProject
Project("{FAE04EC0-301F-11D3-BF4B-00C04F79EFBC}") = "Aevatar.GAgents.InputGAgent", "src\Aevatar.GAgents.InputGAgent\Aevatar.GAgents.InputGAgent.csproj", "{9FC9D7CF-F4C1-4DED-855D-C7174AE95D35}"
EndProject
Project("{2150E333-8FDC-42A3-9474-1A3956D46DE8}") = "resource", "resource", "{22441F23-5B7E-467A-A55B-FA1AC5C914B2}"
	ProjectSection(SolutionItems) = preProject
		resource\Directory.Build.props = Directory.Build.props
		resource\Directory.Packages.props = Directory.Packages.props
	EndProjectSection
EndProject
Project("{FAE04EC0-301F-11D3-BF4B-00C04F79EFBC}") = "Aevatar.GAgents.Twitter.Test", "test\Aevatar.GAgents.Twitter.Test\Aevatar.GAgents.Twitter.Test.csproj", "{B80BB2E9-3B5D-45B9-992C-A67D4C18B149}"
EndProject
Global
	GlobalSection(SolutionConfigurationPlatforms) = preSolution
		Debug|Any CPU = Debug|Any CPU
		Release|Any CPU = Release|Any CPU
	EndGlobalSection
	GlobalSection(ProjectConfigurationPlatforms) = postSolution
		{DF51070F-0462-44B6-8A50-3270FBAAC230}.Debug|Any CPU.ActiveCfg = Debug|Any CPU
		{DF51070F-0462-44B6-8A50-3270FBAAC230}.Debug|Any CPU.Build.0 = Debug|Any CPU
		{DF51070F-0462-44B6-8A50-3270FBAAC230}.Release|Any CPU.ActiveCfg = Release|Any CPU
		{DF51070F-0462-44B6-8A50-3270FBAAC230}.Release|Any CPU.Build.0 = Release|Any CPU
		{FC90D79E-F03C-49F0-98DC-9AF61DA1BE19}.Debug|Any CPU.ActiveCfg = Debug|Any CPU
		{FC90D79E-F03C-49F0-98DC-9AF61DA1BE19}.Debug|Any CPU.Build.0 = Debug|Any CPU
		{FC90D79E-F03C-49F0-98DC-9AF61DA1BE19}.Release|Any CPU.ActiveCfg = Release|Any CPU
		{FC90D79E-F03C-49F0-98DC-9AF61DA1BE19}.Release|Any CPU.Build.0 = Release|Any CPU
		{3DBEFD1D-29AF-4A7A-AC6D-6C844BA27241}.Debug|Any CPU.ActiveCfg = Debug|Any CPU
		{3DBEFD1D-29AF-4A7A-AC6D-6C844BA27241}.Debug|Any CPU.Build.0 = Debug|Any CPU
		{3DBEFD1D-29AF-4A7A-AC6D-6C844BA27241}.Release|Any CPU.ActiveCfg = Release|Any CPU
		{3DBEFD1D-29AF-4A7A-AC6D-6C844BA27241}.Release|Any CPU.Build.0 = Release|Any CPU
		{CC99AB12-4463-4386-BF17-CE0E26797E23}.Debug|Any CPU.ActiveCfg = Debug|Any CPU
		{CC99AB12-4463-4386-BF17-CE0E26797E23}.Debug|Any CPU.Build.0 = Debug|Any CPU
		{CC99AB12-4463-4386-BF17-CE0E26797E23}.Release|Any CPU.ActiveCfg = Release|Any CPU
		{CC99AB12-4463-4386-BF17-CE0E26797E23}.Release|Any CPU.Build.0 = Release|Any CPU
		{2D7581FC-F078-4DF6-911E-B0C7D7F23E15}.Debug|Any CPU.ActiveCfg = Debug|Any CPU
		{2D7581FC-F078-4DF6-911E-B0C7D7F23E15}.Debug|Any CPU.Build.0 = Debug|Any CPU
		{2D7581FC-F078-4DF6-911E-B0C7D7F23E15}.Release|Any CPU.ActiveCfg = Release|Any CPU
		{2D7581FC-F078-4DF6-911E-B0C7D7F23E15}.Release|Any CPU.Build.0 = Release|Any CPU
		{C6556366-58A6-47BB-8391-051EA47C5173}.Debug|Any CPU.ActiveCfg = Debug|Any CPU
		{C6556366-58A6-47BB-8391-051EA47C5173}.Debug|Any CPU.Build.0 = Debug|Any CPU
		{C6556366-58A6-47BB-8391-051EA47C5173}.Release|Any CPU.ActiveCfg = Release|Any CPU
		{C6556366-58A6-47BB-8391-051EA47C5173}.Release|Any CPU.Build.0 = Release|Any CPU
		{A4E9654E-B464-4EA9-8558-CA19D82F24E2}.Debug|Any CPU.ActiveCfg = Debug|Any CPU
		{A4E9654E-B464-4EA9-8558-CA19D82F24E2}.Debug|Any CPU.Build.0 = Debug|Any CPU
		{A4E9654E-B464-4EA9-8558-CA19D82F24E2}.Release|Any CPU.ActiveCfg = Release|Any CPU
		{A4E9654E-B464-4EA9-8558-CA19D82F24E2}.Release|Any CPU.Build.0 = Release|Any CPU
		{18D94C88-676C-4181-9313-B70D8A804775}.Debug|Any CPU.ActiveCfg = Debug|Any CPU
		{18D94C88-676C-4181-9313-B70D8A804775}.Debug|Any CPU.Build.0 = Debug|Any CPU
		{18D94C88-676C-4181-9313-B70D8A804775}.Release|Any CPU.ActiveCfg = Release|Any CPU
		{18D94C88-676C-4181-9313-B70D8A804775}.Release|Any CPU.Build.0 = Release|Any CPU
		{C5A33794-FF0F-43C2-835B-BC2825995BF0}.Debug|Any CPU.ActiveCfg = Debug|Any CPU
		{C5A33794-FF0F-43C2-835B-BC2825995BF0}.Debug|Any CPU.Build.0 = Debug|Any CPU
		{C5A33794-FF0F-43C2-835B-BC2825995BF0}.Release|Any CPU.ActiveCfg = Release|Any CPU
		{C5A33794-FF0F-43C2-835B-BC2825995BF0}.Release|Any CPU.Build.0 = Release|Any CPU
		{C5E7873B-8683-4AC2-9113-BDA48FDC10DF}.Debug|Any CPU.ActiveCfg = Debug|Any CPU
		{C5E7873B-8683-4AC2-9113-BDA48FDC10DF}.Debug|Any CPU.Build.0 = Debug|Any CPU
		{C5E7873B-8683-4AC2-9113-BDA48FDC10DF}.Release|Any CPU.ActiveCfg = Release|Any CPU
		{C5E7873B-8683-4AC2-9113-BDA48FDC10DF}.Release|Any CPU.Build.0 = Release|Any CPU
		{5C1D6FFC-DDFC-48A7-8DB0-B02EBD5FF243}.Debug|Any CPU.ActiveCfg = Debug|Any CPU
		{5C1D6FFC-DDFC-48A7-8DB0-B02EBD5FF243}.Debug|Any CPU.Build.0 = Debug|Any CPU
		{5C1D6FFC-DDFC-48A7-8DB0-B02EBD5FF243}.Release|Any CPU.ActiveCfg = Release|Any CPU
		{5C1D6FFC-DDFC-48A7-8DB0-B02EBD5FF243}.Release|Any CPU.Build.0 = Release|Any CPU
		{F6A070BD-EE04-45E8-B3E7-D68B30503FE1}.Debug|Any CPU.ActiveCfg = Debug|Any CPU
		{F6A070BD-EE04-45E8-B3E7-D68B30503FE1}.Debug|Any CPU.Build.0 = Debug|Any CPU
		{F6A070BD-EE04-45E8-B3E7-D68B30503FE1}.Release|Any CPU.ActiveCfg = Release|Any CPU
		{F6A070BD-EE04-45E8-B3E7-D68B30503FE1}.Release|Any CPU.Build.0 = Release|Any CPU
		{FA1D05BC-DD92-4BA5-BACC-A64DB471C20B}.Debug|Any CPU.ActiveCfg = Debug|Any CPU
		{FA1D05BC-DD92-4BA5-BACC-A64DB471C20B}.Debug|Any CPU.Build.0 = Debug|Any CPU
		{FA1D05BC-DD92-4BA5-BACC-A64DB471C20B}.Release|Any CPU.ActiveCfg = Release|Any CPU
		{FA1D05BC-DD92-4BA5-BACC-A64DB471C20B}.Release|Any CPU.Build.0 = Release|Any CPU
		{32EB416A-1337-4951-9D0A-68B41A62A696}.Debug|Any CPU.ActiveCfg = Debug|Any CPU
		{32EB416A-1337-4951-9D0A-68B41A62A696}.Debug|Any CPU.Build.0 = Debug|Any CPU
		{32EB416A-1337-4951-9D0A-68B41A62A696}.Release|Any CPU.ActiveCfg = Release|Any CPU
		{32EB416A-1337-4951-9D0A-68B41A62A696}.Release|Any CPU.Build.0 = Release|Any CPU
		{0B29CF2B-C709-4ACA-B03B-655C5E128793}.Debug|Any CPU.ActiveCfg = Debug|Any CPU
		{0B29CF2B-C709-4ACA-B03B-655C5E128793}.Debug|Any CPU.Build.0 = Debug|Any CPU
		{0B29CF2B-C709-4ACA-B03B-655C5E128793}.Release|Any CPU.ActiveCfg = Release|Any CPU
		{0B29CF2B-C709-4ACA-B03B-655C5E128793}.Release|Any CPU.Build.0 = Release|Any CPU
		{E5D64689-226A-4556-A1A4-3F44CC23B88D}.Debug|Any CPU.ActiveCfg = Debug|Any CPU
		{E5D64689-226A-4556-A1A4-3F44CC23B88D}.Debug|Any CPU.Build.0 = Debug|Any CPU
		{E5D64689-226A-4556-A1A4-3F44CC23B88D}.Release|Any CPU.ActiveCfg = Release|Any CPU
		{E5D64689-226A-4556-A1A4-3F44CC23B88D}.Release|Any CPU.Build.0 = Release|Any CPU
		{FD7D3759-25A6-4529-B58D-7A20601FDF4E}.Debug|Any CPU.ActiveCfg = Debug|Any CPU
		{FD7D3759-25A6-4529-B58D-7A20601FDF4E}.Debug|Any CPU.Build.0 = Debug|Any CPU
		{FD7D3759-25A6-4529-B58D-7A20601FDF4E}.Release|Any CPU.ActiveCfg = Release|Any CPU
		{FD7D3759-25A6-4529-B58D-7A20601FDF4E}.Release|Any CPU.Build.0 = Release|Any CPU
		{FCAB55BA-B3D5-4C44-887E-1DD0ABF29100}.Debug|Any CPU.ActiveCfg = Debug|Any CPU
		{FCAB55BA-B3D5-4C44-887E-1DD0ABF29100}.Debug|Any CPU.Build.0 = Debug|Any CPU
		{FCAB55BA-B3D5-4C44-887E-1DD0ABF29100}.Release|Any CPU.ActiveCfg = Release|Any CPU
		{FCAB55BA-B3D5-4C44-887E-1DD0ABF29100}.Release|Any CPU.Build.0 = Release|Any CPU
		{FDEF6C2A-CB07-4250-9D4D-9EF9964E2ED9}.Debug|Any CPU.ActiveCfg = Debug|Any CPU
		{FDEF6C2A-CB07-4250-9D4D-9EF9964E2ED9}.Debug|Any CPU.Build.0 = Debug|Any CPU
		{FDEF6C2A-CB07-4250-9D4D-9EF9964E2ED9}.Release|Any CPU.ActiveCfg = Release|Any CPU
		{FDEF6C2A-CB07-4250-9D4D-9EF9964E2ED9}.Release|Any CPU.Build.0 = Release|Any CPU
		{678CE8D7-31B8-416D-A527-EF1B8DE535D3}.Debug|Any CPU.ActiveCfg = Debug|Any CPU
		{678CE8D7-31B8-416D-A527-EF1B8DE535D3}.Debug|Any CPU.Build.0 = Debug|Any CPU
		{678CE8D7-31B8-416D-A527-EF1B8DE535D3}.Release|Any CPU.ActiveCfg = Release|Any CPU
		{678CE8D7-31B8-416D-A527-EF1B8DE535D3}.Release|Any CPU.Build.0 = Release|Any CPU
		{CB7CA80D-3596-49F8-BB98-4F704A688E78}.Debug|Any CPU.ActiveCfg = Debug|Any CPU
		{CB7CA80D-3596-49F8-BB98-4F704A688E78}.Debug|Any CPU.Build.0 = Debug|Any CPU
		{CB7CA80D-3596-49F8-BB98-4F704A688E78}.Release|Any CPU.ActiveCfg = Release|Any CPU
		{CB7CA80D-3596-49F8-BB98-4F704A688E78}.Release|Any CPU.Build.0 = Release|Any CPU
		{A3E7DC5A-19F3-4BD1-9A7E-760A4A34776C}.Debug|Any CPU.ActiveCfg = Debug|Any CPU
		{A3E7DC5A-19F3-4BD1-9A7E-760A4A34776C}.Debug|Any CPU.Build.0 = Debug|Any CPU
		{A3E7DC5A-19F3-4BD1-9A7E-760A4A34776C}.Release|Any CPU.ActiveCfg = Release|Any CPU
		{A3E7DC5A-19F3-4BD1-9A7E-760A4A34776C}.Release|Any CPU.Build.0 = Release|Any CPU
		{D9BAA2DA-4B01-42A6-9A5A-0BC23CA49492}.Debug|Any CPU.ActiveCfg = Debug|Any CPU
		{D9BAA2DA-4B01-42A6-9A5A-0BC23CA49492}.Debug|Any CPU.Build.0 = Debug|Any CPU
		{D9BAA2DA-4B01-42A6-9A5A-0BC23CA49492}.Release|Any CPU.ActiveCfg = Release|Any CPU
		{D9BAA2DA-4B01-42A6-9A5A-0BC23CA49492}.Release|Any CPU.Build.0 = Release|Any CPU
		{164C499B-F6D5-4847-907C-36FE8AC9B022}.Debug|Any CPU.ActiveCfg = Debug|Any CPU
		{164C499B-F6D5-4847-907C-36FE8AC9B022}.Debug|Any CPU.Build.0 = Debug|Any CPU
		{164C499B-F6D5-4847-907C-36FE8AC9B022}.Release|Any CPU.ActiveCfg = Release|Any CPU
		{164C499B-F6D5-4847-907C-36FE8AC9B022}.Release|Any CPU.Build.0 = Release|Any CPU
		{6B93AAF9-FA8B-4261-AAAE-6627F7D4A906}.Debug|Any CPU.ActiveCfg = Debug|Any CPU
		{6B93AAF9-FA8B-4261-AAAE-6627F7D4A906}.Debug|Any CPU.Build.0 = Debug|Any CPU
		{6B93AAF9-FA8B-4261-AAAE-6627F7D4A906}.Release|Any CPU.ActiveCfg = Release|Any CPU
		{6B93AAF9-FA8B-4261-AAAE-6627F7D4A906}.Release|Any CPU.Build.0 = Release|Any CPU
		{F16A151E-50C4-4767-AE7E-B9C9D6B4D560}.Debug|Any CPU.ActiveCfg = Debug|Any CPU
		{F16A151E-50C4-4767-AE7E-B9C9D6B4D560}.Debug|Any CPU.Build.0 = Debug|Any CPU
		{F16A151E-50C4-4767-AE7E-B9C9D6B4D560}.Release|Any CPU.ActiveCfg = Release|Any CPU
		{F16A151E-50C4-4767-AE7E-B9C9D6B4D560}.Release|Any CPU.Build.0 = Release|Any CPU
		{791A26A8-4C41-4041-802E-993463B673BA}.Debug|Any CPU.ActiveCfg = Debug|Any CPU
		{791A26A8-4C41-4041-802E-993463B673BA}.Debug|Any CPU.Build.0 = Debug|Any CPU
		{791A26A8-4C41-4041-802E-993463B673BA}.Release|Any CPU.ActiveCfg = Release|Any CPU
		{791A26A8-4C41-4041-802E-993463B673BA}.Release|Any CPU.Build.0 = Release|Any CPU
		{1D6D6DB3-8308-43C3-8716-A72221EC1EE0}.Debug|Any CPU.ActiveCfg = Debug|Any CPU
		{1D6D6DB3-8308-43C3-8716-A72221EC1EE0}.Debug|Any CPU.Build.0 = Debug|Any CPU
		{1D6D6DB3-8308-43C3-8716-A72221EC1EE0}.Release|Any CPU.ActiveCfg = Release|Any CPU
		{1D6D6DB3-8308-43C3-8716-A72221EC1EE0}.Release|Any CPU.Build.0 = Release|Any CPU
		{2FF3DB78-AAE5-4657-AD8E-DCD3E060199C}.Debug|Any CPU.ActiveCfg = Debug|Any CPU
		{2FF3DB78-AAE5-4657-AD8E-DCD3E060199C}.Debug|Any CPU.Build.0 = Debug|Any CPU
		{2FF3DB78-AAE5-4657-AD8E-DCD3E060199C}.Release|Any CPU.ActiveCfg = Release|Any CPU
		{2FF3DB78-AAE5-4657-AD8E-DCD3E060199C}.Release|Any CPU.Build.0 = Release|Any CPU
		{9E47A958-1272-4F61-A559-75A1394E515C}.Debug|Any CPU.ActiveCfg = Debug|Any CPU
		{9E47A958-1272-4F61-A559-75A1394E515C}.Debug|Any CPU.Build.0 = Debug|Any CPU
		{9E47A958-1272-4F61-A559-75A1394E515C}.Release|Any CPU.ActiveCfg = Release|Any CPU
		{9E47A958-1272-4F61-A559-75A1394E515C}.Release|Any CPU.Build.0 = Release|Any CPU
		{C808041F-9CD1-4D31-85AF-1DFFB8A525CD}.Debug|Any CPU.ActiveCfg = Debug|Any CPU
		{C808041F-9CD1-4D31-85AF-1DFFB8A525CD}.Debug|Any CPU.Build.0 = Debug|Any CPU
		{C808041F-9CD1-4D31-85AF-1DFFB8A525CD}.Release|Any CPU.ActiveCfg = Release|Any CPU
		{C808041F-9CD1-4D31-85AF-1DFFB8A525CD}.Release|Any CPU.Build.0 = Release|Any CPU
		{EFAFBD60-6B0D-4504-8915-950F587D7FA6}.Debug|Any CPU.ActiveCfg = Debug|Any CPU
		{EFAFBD60-6B0D-4504-8915-950F587D7FA6}.Debug|Any CPU.Build.0 = Debug|Any CPU
		{EFAFBD60-6B0D-4504-8915-950F587D7FA6}.Release|Any CPU.ActiveCfg = Release|Any CPU
		{EFAFBD60-6B0D-4504-8915-950F587D7FA6}.Release|Any CPU.Build.0 = Release|Any CPU
		{5BF7CAB1-FF86-4E45-BC79-AB7B2249B80A}.Debug|Any CPU.ActiveCfg = Debug|Any CPU
		{5BF7CAB1-FF86-4E45-BC79-AB7B2249B80A}.Debug|Any CPU.Build.0 = Debug|Any CPU
		{5BF7CAB1-FF86-4E45-BC79-AB7B2249B80A}.Release|Any CPU.ActiveCfg = Release|Any CPU
		{5BF7CAB1-FF86-4E45-BC79-AB7B2249B80A}.Release|Any CPU.Build.0 = Release|Any CPU
		{E43A1BB3-09FC-4C89-B73E-3F4B8FF1E208}.Debug|Any CPU.ActiveCfg = Debug|Any CPU
		{E43A1BB3-09FC-4C89-B73E-3F4B8FF1E208}.Debug|Any CPU.Build.0 = Debug|Any CPU
		{E43A1BB3-09FC-4C89-B73E-3F4B8FF1E208}.Release|Any CPU.ActiveCfg = Release|Any CPU
		{E43A1BB3-09FC-4C89-B73E-3F4B8FF1E208}.Release|Any CPU.Build.0 = Release|Any CPU
		{FF631364-5246-4867-84D5-A00E9EDA40F0}.Debug|Any CPU.ActiveCfg = Debug|Any CPU
		{FF631364-5246-4867-84D5-A00E9EDA40F0}.Debug|Any CPU.Build.0 = Debug|Any CPU
		{FF631364-5246-4867-84D5-A00E9EDA40F0}.Release|Any CPU.ActiveCfg = Release|Any CPU
		{FF631364-5246-4867-84D5-A00E9EDA40F0}.Release|Any CPU.Build.0 = Release|Any CPU
		{9FC9D7CF-F4C1-4DED-855D-C7174AE95D35}.Debug|Any CPU.ActiveCfg = Debug|Any CPU
		{9FC9D7CF-F4C1-4DED-855D-C7174AE95D35}.Debug|Any CPU.Build.0 = Debug|Any CPU
		{9FC9D7CF-F4C1-4DED-855D-C7174AE95D35}.Release|Any CPU.ActiveCfg = Release|Any CPU
		{9FC9D7CF-F4C1-4DED-855D-C7174AE95D35}.Release|Any CPU.Build.0 = Release|Any CPU
		{B80BB2E9-3B5D-45B9-992C-A67D4C18B149}.Debug|Any CPU.ActiveCfg = Debug|Any CPU
		{B80BB2E9-3B5D-45B9-992C-A67D4C18B149}.Debug|Any CPU.Build.0 = Debug|Any CPU
		{B80BB2E9-3B5D-45B9-992C-A67D4C18B149}.Release|Any CPU.ActiveCfg = Release|Any CPU
		{B80BB2E9-3B5D-45B9-992C-A67D4C18B149}.Release|Any CPU.Build.0 = Release|Any CPU
	EndGlobalSection
	GlobalSection(SolutionProperties) = preSolution
		HideSolutionNode = FALSE
	EndGlobalSection
	GlobalSection(NestedProjects) = preSolution
		{DF51070F-0462-44B6-8A50-3270FBAAC230} = {CA9AC87F-097E-4F15-8393-4BC07735A5B0}
		{FC90D79E-F03C-49F0-98DC-9AF61DA1BE19} = {CA9AC87F-097E-4F15-8393-4BC07735A5B0}
		{3DBEFD1D-29AF-4A7A-AC6D-6C844BA27241} = {CA9AC87F-097E-4F15-8393-4BC07735A5B0}
		{CC99AB12-4463-4386-BF17-CE0E26797E23} = {CA9AC87F-097E-4F15-8393-4BC07735A5B0}
		{2D7581FC-F078-4DF6-911E-B0C7D7F23E15} = {CA9AC87F-097E-4F15-8393-4BC07735A5B0}
		{C6556366-58A6-47BB-8391-051EA47C5173} = {04DBDB01-70F4-4E06-B468-8F87850B22BE}
		{A4E9654E-B464-4EA9-8558-CA19D82F24E2} = {CA9AC87F-097E-4F15-8393-4BC07735A5B0}
		{18D94C88-676C-4181-9313-B70D8A804775} = {CA9AC87F-097E-4F15-8393-4BC07735A5B0}
		{C5A33794-FF0F-43C2-835B-BC2825995BF0} = {CA9AC87F-097E-4F15-8393-4BC07735A5B0}
		{D5F67508-C302-47D6-9DE9-32C2DC83917B} = {9A5AF866-5118-4DA9-867A-4C22060B7347}
		{C5E7873B-8683-4AC2-9113-BDA48FDC10DF} = {D5F67508-C302-47D6-9DE9-32C2DC83917B}
		{5C1D6FFC-DDFC-48A7-8DB0-B02EBD5FF243} = {D5F67508-C302-47D6-9DE9-32C2DC83917B}
		{F6A070BD-EE04-45E8-B3E7-D68B30503FE1} = {D5F67508-C302-47D6-9DE9-32C2DC83917B}
		{FA1D05BC-DD92-4BA5-BACC-A64DB471C20B} = {CA9AC87F-097E-4F15-8393-4BC07735A5B0}
		{32EB416A-1337-4951-9D0A-68B41A62A696} = {CA9AC87F-097E-4F15-8393-4BC07735A5B0}
		{0B29CF2B-C709-4ACA-B03B-655C5E128793} = {04DBDB01-70F4-4E06-B468-8F87850B22BE}
		{E5D64689-226A-4556-A1A4-3F44CC23B88D} = {CA9AC87F-097E-4F15-8393-4BC07735A5B0}
		{FD7D3759-25A6-4529-B58D-7A20601FDF4E} = {CA9AC87F-097E-4F15-8393-4BC07735A5B0}
		{FCAB55BA-B3D5-4C44-887E-1DD0ABF29100} = {A637340E-0273-4C0C-A6BF-8B3B5108DFEC}
		{FDEF6C2A-CB07-4250-9D4D-9EF9964E2ED9} = {A637340E-0273-4C0C-A6BF-8B3B5108DFEC}
		{678CE8D7-31B8-416D-A527-EF1B8DE535D3} = {A637340E-0273-4C0C-A6BF-8B3B5108DFEC}
		{CB7CA80D-3596-49F8-BB98-4F704A688E78} = {04DBDB01-70F4-4E06-B468-8F87850B22BE}
		{A637340E-0273-4C0C-A6BF-8B3B5108DFEC} = {9A5AF866-5118-4DA9-867A-4C22060B7347}
		{A3E7DC5A-19F3-4BD1-9A7E-760A4A34776C} = {CA9AC87F-097E-4F15-8393-4BC07735A5B0}
		{D9BAA2DA-4B01-42A6-9A5A-0BC23CA49492} = {04DBDB01-70F4-4E06-B468-8F87850B22BE}
		{164C499B-F6D5-4847-907C-36FE8AC9B022} = {04DBDB01-70F4-4E06-B468-8F87850B22BE}
		{6B93AAF9-FA8B-4261-AAAE-6627F7D4A906} = {04DBDB01-70F4-4E06-B468-8F87850B22BE}
		{F16A151E-50C4-4767-AE7E-B9C9D6B4D560} = {CA9AC87F-097E-4F15-8393-4BC07735A5B0}
		{2DE52441-A9C1-4C43-865B-310ED5E8B4FB} = {431973C0-FD6D-4030-ADBC-CE3D549B07F2}
		{6B2228C7-07EF-4FE3-98F9-2B9241DE25E4} = {431973C0-FD6D-4030-ADBC-CE3D549B07F2}
		{791A26A8-4C41-4041-802E-993463B673BA} = {CA9AC87F-097E-4F15-8393-4BC07735A5B0}
		{75377329-6BF1-4765-8774-5449F7317268} = {431973C0-FD6D-4030-ADBC-CE3D549B07F2}
		{1D6D6DB3-8308-43C3-8716-A72221EC1EE0} = {04DBDB01-70F4-4E06-B468-8F87850B22BE}
		{2FF3DB78-AAE5-4657-AD8E-DCD3E060199C} = {CA9AC87F-097E-4F15-8393-4BC07735A5B0}
		{9E47A958-1272-4F61-A559-75A1394E515C} = {CA9AC87F-097E-4F15-8393-4BC07735A5B0}
		{C808041F-9CD1-4D31-85AF-1DFFB8A525CD} = {CA9AC87F-097E-4F15-8393-4BC07735A5B0}
		{EFAFBD60-6B0D-4504-8915-950F587D7FA6} = {CA9AC87F-097E-4F15-8393-4BC07735A5B0}
		{5BF7CAB1-FF86-4E45-BC79-AB7B2249B80A} = {CA9AC87F-097E-4F15-8393-4BC07735A5B0}
		{E43A1BB3-09FC-4C89-B73E-3F4B8FF1E208} = {CA9AC87F-097E-4F15-8393-4BC07735A5B0}
		{FF631364-5246-4867-84D5-A00E9EDA40F0} = {CA9AC87F-097E-4F15-8393-4BC07735A5B0}
		{9FC9D7CF-F4C1-4DED-855D-C7174AE95D35} = {CA9AC87F-097E-4F15-8393-4BC07735A5B0}
		{B80BB2E9-3B5D-45B9-992C-A67D4C18B149} = {04DBDB01-70F4-4E06-B468-8F87850B22BE}
	EndGlobalSection
	GlobalSection(ExtensibilityGlobals) = postSolution
		SolutionGuid = {28315BFD-90E7-4E14-A2EA-F3D23AF4126F}
	EndGlobalSection
EndGlobal
